
Microsoft Visual Studio Solution File, Format Version 12.00
# Visual Studio Version 17
VisualStudioVersion = 17.3.32929.385
MinimumVisualStudioVersion = 10.0.40219.1
Project("{FAE04EC0-301F-11D3-BF4B-00C04F79EFBC}") = "Parlis.Server.DataAccess", "Parlis.Server.DataAccess\Parlis.Server.DataAccess.csproj", "{58205547-0ED0-4807-9E16-CD31D541644C}"
EndProject
Project("{FAE04EC0-301F-11D3-BF4B-00C04F79EFBC}") = "Parlis.Server.BusinessLogic", "Parlis.Server.BusinessLogic\Parlis.Server.BusinessLogic.csproj", "{CFD05BEF-35F5-4BCB-BC58-7232F2E262A7}"
EndProject
Project("{FAE04EC0-301F-11D3-BF4B-00C04F79EFBC}") = "Parlis.Server", "Parlis.Server\Parlis.Server.csproj", "{422ABCC1-FC1D-44F4-AF53-A7FCDD2DA606}"
EndProject
Project("{FAE04EC0-301F-11D3-BF4B-00C04F79EFBC}") = "Parlis.Server.UnitTests", "Parlis.Server.UnitTests\Parlis.Server.UnitTests.csproj", "{AFF74103-3AE6-42D4-B4E1-8170096FE43E}"
EndProject
Global
	GlobalSection(SolutionConfigurationPlatforms) = preSolution
		Debug|Any CPU = Debug|Any CPU
		Release|Any CPU = Release|Any CPU
	EndGlobalSection
	GlobalSection(ProjectConfigurationPlatforms) = postSolution
		{58205547-0ED0-4807-9E16-CD31D541644C}.Debug|Any CPU.ActiveCfg = Debug|Any CPU
		{58205547-0ED0-4807-9E16-CD31D541644C}.Debug|Any CPU.Build.0 = Debug|Any CPU
		{58205547-0ED0-4807-9E16-CD31D541644C}.Release|Any CPU.ActiveCfg = Release|Any CPU
		{58205547-0ED0-4807-9E16-CD31D541644C}.Release|Any CPU.Build.0 = Release|Any CPU
		{CFD05BEF-35F5-4BCB-BC58-7232F2E262A7}.Debug|Any CPU.ActiveCfg = Debug|Any CPU
		{CFD05BEF-35F5-4BCB-BC58-7232F2E262A7}.Debug|Any CPU.Build.0 = Debug|Any CPU
		{CFD05BEF-35F5-4BCB-BC58-7232F2E262A7}.Release|Any CPU.ActiveCfg = Release|Any CPU
		{CFD05BEF-35F5-4BCB-BC58-7232F2E262A7}.Release|Any CPU.Build.0 = Release|Any CPU
		{422ABCC1-FC1D-44F4-AF53-A7FCDD2DA606}.Debug|Any CPU.ActiveCfg = Debug|Any CPU
		{422ABCC1-FC1D-44F4-AF53-A7FCDD2DA606}.Debug|Any CPU.Build.0 = Debug|Any CPU
		{422ABCC1-FC1D-44F4-AF53-A7FCDD2DA606}.Release|Any CPU.ActiveCfg = Release|Any CPU
		{422ABCC1-FC1D-44F4-AF53-A7FCDD2DA606}.Release|Any CPU.Build.0 = Release|Any CPU
		{AFF74103-3AE6-42D4-B4E1-8170096FE43E}.Debug|Any CPU.ActiveCfg = Debug|Any CPU
		{AFF74103-3AE6-42D4-B4E1-8170096FE43E}.Debug|Any CPU.Build.0 = Debug|Any CPU
		{AFF74103-3AE6-42D4-B4E1-8170096FE43E}.Release|Any CPU.ActiveCfg = Release|Any CPU
		{AFF74103-3AE6-42D4-B4E1-8170096FE43E}.Release|Any CPU.Build.0 = Release|Any CPU
	EndGlobalSection
	GlobalSection(SolutionProperties) = preSolution
		HideSolutionNode = FALSE
	EndGlobalSection
	GlobalSection(ExtensibilityGlobals) = postSolution
		SolutionGuid = {95A6462A-16DA-44EB-9F85-74223BB4D7DB}
	EndGlobalSection
EndGlobal
